
Microsoft Visual Studio Solution File, Format Version 11.00
# Visual Studio 2010
Project("{8BC9CEB8-8B4A-11D0-8D11-00A0C91BC942}") = "시험_과제", "시험_과제\시험_과제.vcxproj", "{3E7D4213-6D1B-4C38-8BF1-F9257B1C421D}"
EndProject
Global
	GlobalSection(SolutionConfigurationPlatforms) = preSolution
		Debug|Win32 = Debug|Win32
		Release|Win32 = Release|Win32
	EndGlobalSection
	GlobalSection(ProjectConfigurationPlatforms) = postSolution
		{3E7D4213-6D1B-4C38-8BF1-F9257B1C421D}.Debug|Win32.ActiveCfg = Debug|Win32
		{3E7D4213-6D1B-4C38-8BF1-F9257B1C421D}.Debug|Win32.Build.0 = Debug|Win32
		{3E7D4213-6D1B-4C38-8BF1-F9257B1C421D}.Release|Win32.ActiveCfg = Release|Win32
		{3E7D4213-6D1B-4C38-8BF1-F9257B1C421D}.Release|Win32.Build.0 = Release|Win32
	EndGlobalSection
	GlobalSection(SolutionProperties) = preSolution
		HideSolutionNode = FALSE
	EndGlobalSection
EndGlobal
