
Microsoft Visual Studio Solution File, Format Version 11.00
# Visual Studio 2010
Project("{8BC9CEB8-8B4A-11D0-8D11-00A0C91BC942}") = "examA", "examA\examA.vcxproj", "{B9994FDC-554C-4C84-9F1F-B5654DA745F2}"
EndProject
Global
	GlobalSection(SolutionConfigurationPlatforms) = preSolution
		Debug|Win32 = Debug|Win32
		Release|Win32 = Release|Win32
	EndGlobalSection
	GlobalSection(ProjectConfigurationPlatforms) = postSolution
		{B9994FDC-554C-4C84-9F1F-B5654DA745F2}.Debug|Win32.ActiveCfg = Debug|Win32
		{B9994FDC-554C-4C84-9F1F-B5654DA745F2}.Debug|Win32.Build.0 = Debug|Win32
		{B9994FDC-554C-4C84-9F1F-B5654DA745F2}.Release|Win32.ActiveCfg = Release|Win32
		{B9994FDC-554C-4C84-9F1F-B5654DA745F2}.Release|Win32.Build.0 = Release|Win32
	EndGlobalSection
	GlobalSection(SolutionProperties) = preSolution
		HideSolutionNode = FALSE
	EndGlobalSection
EndGlobal
