
Microsoft Visual Studio Solution File, Format Version 11.00
# Visual Studio 2010
Project("{8BC9CEB8-8B4A-11D0-8D11-00A0C91BC942}") = "ex160905", "ex160905\ex160905.vcxproj", "{27F41B78-5599-4D76-B1EE-DB0B62CB7BCD}"
EndProject
Global
	GlobalSection(SolutionConfigurationPlatforms) = preSolution
		Debug|Win32 = Debug|Win32
		Release|Win32 = Release|Win32
	EndGlobalSection
	GlobalSection(ProjectConfigurationPlatforms) = postSolution
		{27F41B78-5599-4D76-B1EE-DB0B62CB7BCD}.Debug|Win32.ActiveCfg = Debug|Win32
		{27F41B78-5599-4D76-B1EE-DB0B62CB7BCD}.Debug|Win32.Build.0 = Debug|Win32
		{27F41B78-5599-4D76-B1EE-DB0B62CB7BCD}.Release|Win32.ActiveCfg = Release|Win32
		{27F41B78-5599-4D76-B1EE-DB0B62CB7BCD}.Release|Win32.Build.0 = Release|Win32
	EndGlobalSection
	GlobalSection(SolutionProperties) = preSolution
		HideSolutionNode = FALSE
	EndGlobalSection
EndGlobal
